<Solution>
  <Project Path="AssetFlowCore.Application/AssetFlowCore.Application.csproj" />
  <Project Path="AssetFlowCore.Domain/AssetFlowCore.Domain.csproj" />
  <Project Path="AssetFlowCore.Infrastructure/AssetFlowCore.Infrastructure.csproj" />
  <Project Path="AssetFlowCore.UnitTests/AssetFlowCore.UnitTests.csproj" />
  <Project Path="AssetFlowCore.WebApi/AssetFlowCore.WebApi.csproj" />
</Solution>
